// !$*UTF8*$!
{
	archiveVersion = 1;
	classes = {
	};
	objectVersion = 56;
	objects = {

/* Begin PBXAggregateTarget section */
		FE85FC3D2C4D8DA700EE4CC5 /* DogUniversal */ = {
			isa = PBXAggregateTarget;
			buildConfigurationList = FE85FC402C4D8DA700EE4CC5 /* Build configuration list for PBXAggregateTarget "DogUniversal" */;
			buildPhases = (
				FE85FC412C4D8DCD00EE4CC5 /* ShellScript */,
			);
			dependencies = (
			);
			name = DogUniversal;
			productName = DogUniversal;
		};
/* End PBXAggregateTarget section */

/* Begin PBXBuildFile section */
		FE85FBD42C4D401000EE4CC5 /* DogNetwork.framework in Frameworks */ = {isa = PBXBuildFile; fileRef = FE85FBCB2C4D401000EE4CC5 /* DogNetwork.framework */; };
		FE85FBDA2C4D401000EE4CC5 /* DogNetwork.h in Headers */ = {isa = PBXBuildFile; fileRef = FE85FBCE2C4D401000EE4CC5 /* DogNetwork.h */; settings = {ATTRIBUTES = (Public, ); }; };
		FE85FC0D2C4D4E8400EE4CC5 /* Dog.swift in Sources */ = {isa = PBXBuildFile; fileRef = FE85FC0C2C4D4E8400EE4CC5 /* Dog.swift */; };
		FE85FC152C4D4FA800EE4CC5 /* FetchRandomDogImageRequest.swift in Sources */ = {isa = PBXBuildFile; fileRef = FE85FC142C4D4FA800EE4CC5 /* FetchRandomDogImageRequest.swift */; };
		FE85FC172C4D4FBC00EE4CC5 /* FetchRandomDogImageResponse.swift in Sources */ = {isa = PBXBuildFile; fileRef = FE85FC162C4D4FBC00EE4CC5 /* FetchRandomDogImageResponse.swift */; };
		FE85FC192C4D4FDB00EE4CC5 /* DogAPIService.swift in Sources */ = {isa = PBXBuildFile; fileRef = FE85FC182C4D4FDB00EE4CC5 /* DogAPIService.swift */; };
		FE85FC1E2C4D504200EE4CC5 /* DogRepository.swift in Sources */ = {isa = PBXBuildFile; fileRef = FE85FC1D2C4D504200EE4CC5 /* DogRepository.swift */; };
		FE85FC222C4D531900EE4CC5 /* FetchRandomDogImageUseCase.swift in Sources */ = {isa = PBXBuildFile; fileRef = FE85FC212C4D531900EE4CC5 /* FetchRandomDogImageUseCase.swift */; };
		FE85FC262C4D540000EE4CC5 /* DogNetworkInterface.swift in Sources */ = {isa = PBXBuildFile; fileRef = FE85FC252C4D540000EE4CC5 /* DogNetworkInterface.swift */; };
		FE85FC292C4D5C0D00EE4CC5 /* Logger.swift in Sources */ = {isa = PBXBuildFile; fileRef = FE85FC282C4D5C0D00EE4CC5 /* Logger.swift */; };
		FE85FC382C4D86B400EE4CC5 /* FetchRandomDogImageUseCaseTests.swift in Sources */ = {isa = PBXBuildFile; fileRef = FE85FC372C4D86B400EE4CC5 /* FetchRandomDogImageUseCaseTests.swift */; };
		FE85FC3A2C4D86D400EE4CC5 /* DogAPIServiceTests.swift in Sources */ = {isa = PBXBuildFile; fileRef = FE85FC392C4D86D400EE4CC5 /* DogAPIServiceTests.swift */; };
		FE85FC3C2C4D872F00EE4CC5 /* DogAPIServiceMock.swift in Sources */ = {isa = PBXBuildFile; fileRef = FE85FC3B2C4D872F00EE4CC5 /* DogAPIServiceMock.swift */; };
/* End PBXBuildFile section */

/* Begin PBXContainerItemProxy section */
		FE85FBD52C4D401000EE4CC5 /* PBXContainerItemProxy */ = {
			isa = PBXContainerItemProxy;
			containerPortal = FE85FBC22C4D401000EE4CC5 /* Project object */;
			proxyType = 1;
			remoteGlobalIDString = FE85FBCA2C4D401000EE4CC5;
			remoteInfo = DogNetwork;
		};
/* End PBXContainerItemProxy section */

/* Begin PBXFileReference section */
		FE85FBCB2C4D401000EE4CC5 /* DogNetwork.framework */ = {isa = PBXFileReference; explicitFileType = wrapper.framework; includeInIndex = 0; path = DogNetwork.framework; sourceTree = BUILT_PRODUCTS_DIR; };
		FE85FBCE2C4D401000EE4CC5 /* DogNetwork.h */ = {isa = PBXFileReference; lastKnownFileType = sourcecode.c.h; path = DogNetwork.h; sourceTree = "<group>"; };
		FE85FBD32C4D401000EE4CC5 /* DogNetworkTests.xctest */ = {isa = PBXFileReference; explicitFileType = wrapper.cfbundle; includeInIndex = 0; path = DogNetworkTests.xctest; sourceTree = BUILT_PRODUCTS_DIR; };
		FE85FC0C2C4D4E8400EE4CC5 /* Dog.swift */ = {isa = PBXFileReference; lastKnownFileType = sourcecode.swift; path = Dog.swift; sourceTree = "<group>"; };
		FE85FC142C4D4FA800EE4CC5 /* FetchRandomDogImageRequest.swift */ = {isa = PBXFileReference; lastKnownFileType = sourcecode.swift; path = FetchRandomDogImageRequest.swift; sourceTree = "<group>"; };
		FE85FC162C4D4FBC00EE4CC5 /* FetchRandomDogImageResponse.swift */ = {isa = PBXFileReference; lastKnownFileType = sourcecode.swift; path = FetchRandomDogImageResponse.swift; sourceTree = "<group>"; };
		FE85FC182C4D4FDB00EE4CC5 /* DogAPIService.swift */ = {isa = PBXFileReference; lastKnownFileType = sourcecode.swift; path = DogAPIService.swift; sourceTree = "<group>"; };
		FE85FC1D2C4D504200EE4CC5 /* DogRepository.swift */ = {isa = PBXFileReference; lastKnownFileType = sourcecode.swift; path = DogRepository.swift; sourceTree = "<group>"; };
		FE85FC212C4D531900EE4CC5 /* FetchRandomDogImageUseCase.swift */ = {isa = PBXFileReference; lastKnownFileType = sourcecode.swift; path = FetchRandomDogImageUseCase.swift; sourceTree = "<group>"; };
		FE85FC252C4D540000EE4CC5 /* DogNetworkInterface.swift */ = {isa = PBXFileReference; lastKnownFileType = sourcecode.swift; path = DogNetworkInterface.swift; sourceTree = "<group>"; };
		FE85FC282C4D5C0D00EE4CC5 /* Logger.swift */ = {isa = PBXFileReference; lastKnownFileType = sourcecode.swift; path = Logger.swift; sourceTree = "<group>"; };
		FE85FC372C4D86B400EE4CC5 /* FetchRandomDogImageUseCaseTests.swift */ = {isa = PBXFileReference; lastKnownFileType = sourcecode.swift; path = FetchRandomDogImageUseCaseTests.swift; sourceTree = "<group>"; };
		FE85FC392C4D86D400EE4CC5 /* DogAPIServiceTests.swift */ = {isa = PBXFileReference; lastKnownFileType = sourcecode.swift; path = DogAPIServiceTests.swift; sourceTree = "<group>"; };
		FE85FC3B2C4D872F00EE4CC5 /* DogAPIServiceMock.swift */ = {isa = PBXFileReference; lastKnownFileType = sourcecode.swift; path = DogAPIServiceMock.swift; sourceTree = "<group>"; };
/* End PBXFileReference section */

/* Begin PBXFrameworksBuildPhase section */
		FE85FBC82C4D401000EE4CC5 /* Frameworks */ = {
			isa = PBXFrameworksBuildPhase;
			buildActionMask = 2147483647;
			files = (
			);
			runOnlyForDeploymentPostprocessing = 0;
		};
		FE85FBD02C4D401000EE4CC5 /* Frameworks */ = {
			isa = PBXFrameworksBuildPhase;
			buildActionMask = 2147483647;
			files = (
				FE85FBD42C4D401000EE4CC5 /* DogNetwork.framework in Frameworks */,
			);
			runOnlyForDeploymentPostprocessing = 0;
		};
/* End PBXFrameworksBuildPhase section */

/* Begin PBXGroup section */
		FE85FBC12C4D401000EE4CC5 = {
			isa = PBXGroup;
			children = (
				FE85FBCD2C4D401000EE4CC5 /* DogNetwork */,
				FE85FBD72C4D401000EE4CC5 /* DogNetworkTests */,
				FE85FBCC2C4D401000EE4CC5 /* Products */,
			);
			sourceTree = "<group>";
		};
		FE85FBCC2C4D401000EE4CC5 /* Products */ = {
			isa = PBXGroup;
			children = (
				FE85FBCB2C4D401000EE4CC5 /* DogNetwork.framework */,
				FE85FBD32C4D401000EE4CC5 /* DogNetworkTests.xctest */,
			);
			name = Products;
			sourceTree = "<group>";
		};
		FE85FBCD2C4D401000EE4CC5 /* DogNetwork */ = {
			isa = PBXGroup;
			children = (
				FE85FC272C4D5C0300EE4CC5 /* Utilities */,
				FE85FC102C4D4F8000EE4CC5 /* Data */,
				FE85FC1F2C4D52C400EE4CC5 /* Domain */,
				FE85FC232C4D53A700EE4CC5 /* Presentation */,
				FE85FBCE2C4D401000EE4CC5 /* DogNetwork.h */,
			);
			path = DogNetwork;
			sourceTree = "<group>";
		};
		FE85FBD72C4D401000EE4CC5 /* DogNetworkTests */ = {
			isa = PBXGroup;
			children = (
				FE85FC372C4D86B400EE4CC5 /* FetchRandomDogImageUseCaseTests.swift */,
				FE85FC392C4D86D400EE4CC5 /* DogAPIServiceTests.swift */,
				FE85FC3B2C4D872F00EE4CC5 /* DogAPIServiceMock.swift */,
			);
			path = DogNetworkTests;
			sourceTree = "<group>";
		};
		FE85FC0B2C4D4E7900EE4CC5 /* Model */ = {
			isa = PBXGroup;
			children = (
				FE85FC0C2C4D4E8400EE4CC5 /* Dog.swift */,
			);
			path = Model;
			sourceTree = "<group>";
		};
		FE85FC102C4D4F8000EE4CC5 /* Data */ = {
			isa = PBXGroup;
			children = (
				FE85FC112C4D4F8600EE4CC5 /* Network */,
			);
			path = Data;
			sourceTree = "<group>";
		};
		FE85FC112C4D4F8600EE4CC5 /* Network */ = {
			isa = PBXGroup;
			children = (
				FE85FC1C2C4D503500EE4CC5 /* Repository */,
				FE85FC132C4D4F8F00EE4CC5 /* Response */,
				FE85FC122C4D4F8A00EE4CC5 /* Request */,
				FE85FC182C4D4FDB00EE4CC5 /* DogAPIService.swift */,
			);
			path = Network;
			sourceTree = "<group>";
		};
		FE85FC122C4D4F8A00EE4CC5 /* Request */ = {
			isa = PBXGroup;
			children = (
				FE85FC142C4D4FA800EE4CC5 /* FetchRandomDogImageRequest.swift */,
			);
			path = Request;
			sourceTree = "<group>";
		};
		FE85FC132C4D4F8F00EE4CC5 /* Response */ = {
			isa = PBXGroup;
			children = (
				FE85FC162C4D4FBC00EE4CC5 /* FetchRandomDogImageResponse.swift */,
			);
			path = Response;
			sourceTree = "<group>";
		};
		FE85FC1C2C4D503500EE4CC5 /* Repository */ = {
			isa = PBXGroup;
			children = (
				FE85FC1D2C4D504200EE4CC5 /* DogRepository.swift */,
			);
			path = Repository;
			sourceTree = "<group>";
		};
		FE85FC1F2C4D52C400EE4CC5 /* Domain */ = {
			isa = PBXGroup;
			children = (
				FE85FC202C4D52F000EE4CC5 /* UseCase */,
				FE85FC0B2C4D4E7900EE4CC5 /* Model */,
			);
			path = Domain;
			sourceTree = "<group>";
		};
		FE85FC202C4D52F000EE4CC5 /* UseCase */ = {
			isa = PBXGroup;
			children = (
				FE85FC212C4D531900EE4CC5 /* FetchRandomDogImageUseCase.swift */,
			);
			path = UseCase;
			sourceTree = "<group>";
		};
		FE85FC232C4D53A700EE4CC5 /* Presentation */ = {
			isa = PBXGroup;
			children = (
				FE85FC242C4D53B000EE4CC5 /* Interfaces */,
			);
			path = Presentation;
			sourceTree = "<group>";
		};
		FE85FC242C4D53B000EE4CC5 /* Interfaces */ = {
			isa = PBXGroup;
			children = (
				FE85FC252C4D540000EE4CC5 /* DogNetworkInterface.swift */,
			);
			path = Interfaces;
			sourceTree = "<group>";
		};
		FE85FC272C4D5C0300EE4CC5 /* Utilities */ = {
			isa = PBXGroup;
			children = (
				FE85FC282C4D5C0D00EE4CC5 /* Logger.swift */,
			);
			path = Utilities;
			sourceTree = "<group>";
		};
/* End PBXGroup section */

/* Begin PBXHeadersBuildPhase section */
		FE85FBC62C4D401000EE4CC5 /* Headers */ = {
			isa = PBXHeadersBuildPhase;
			buildActionMask = 2147483647;
			files = (
				FE85FBDA2C4D401000EE4CC5 /* DogNetwork.h in Headers */,
			);
			runOnlyForDeploymentPostprocessing = 0;
		};
/* End PBXHeadersBuildPhase section */

/* Begin PBXNativeTarget section */
		FE85FBCA2C4D401000EE4CC5 /* DogNetwork */ = {
			isa = PBXNativeTarget;
			buildConfigurationList = FE85FBDD2C4D401000EE4CC5 /* Build configuration list for PBXNativeTarget "DogNetwork" */;
			buildPhases = (
				FE85FBC62C4D401000EE4CC5 /* Headers */,
				FE85FBC72C4D401000EE4CC5 /* Sources */,
				FE85FBC82C4D401000EE4CC5 /* Frameworks */,
				FE85FBC92C4D401000EE4CC5 /* Resources */,
			);
			buildRules = (
			);
			dependencies = (
			);
			name = DogNetwork;
			productName = DogNetwork;
			productReference = FE85FBCB2C4D401000EE4CC5 /* DogNetwork.framework */;
			productType = "com.apple.product-type.framework";
		};
		FE85FBD22C4D401000EE4CC5 /* DogNetworkTests */ = {
			isa = PBXNativeTarget;
			buildConfigurationList = FE85FBE02C4D401000EE4CC5 /* Build configuration list for PBXNativeTarget "DogNetworkTests" */;
			buildPhases = (
				FE85FBCF2C4D401000EE4CC5 /* Sources */,
				FE85FBD02C4D401000EE4CC5 /* Frameworks */,
				FE85FBD12C4D401000EE4CC5 /* Resources */,
			);
			buildRules = (
			);
			dependencies = (
				FE85FBD62C4D401000EE4CC5 /* PBXTargetDependency */,
			);
			name = DogNetworkTests;
			productName = DogNetworkTests;
			productReference = FE85FBD32C4D401000EE4CC5 /* DogNetworkTests.xctest */;
			productType = "com.apple.product-type.bundle.unit-test";
		};
/* End PBXNativeTarget section */

/* Begin PBXProject section */
		FE85FBC22C4D401000EE4CC5 /* Project object */ = {
			isa = PBXProject;
			attributes = {
				BuildIndependentTargetsInParallel = 1;
				LastSwiftUpdateCheck = 1520;
				LastUpgradeCheck = 1520;
				TargetAttributes = {
					FE85FBCA2C4D401000EE4CC5 = {
						CreatedOnToolsVersion = 15.2;
						LastSwiftMigration = 1520;
					};
					FE85FBD22C4D401000EE4CC5 = {
						CreatedOnToolsVersion = 15.2;
					};
					FE85FC3D2C4D8DA700EE4CC5 = {
						CreatedOnToolsVersion = 15.2;
					};
				};
			};
			buildConfigurationList = FE85FBC52C4D401000EE4CC5 /* Build configuration list for PBXProject "DogNetwork" */;
			compatibilityVersion = "Xcode 14.0";
			developmentRegion = en;
			hasScannedForEncodings = 0;
			knownRegions = (
				en,
				Base,
			);
			mainGroup = FE85FBC12C4D401000EE4CC5;
			productRefGroup = FE85FBCC2C4D401000EE4CC5 /* Products */;
			projectDirPath = "";
			projectRoot = "";
			targets = (
				FE85FBCA2C4D401000EE4CC5 /* DogNetwork */,
				FE85FBD22C4D401000EE4CC5 /* DogNetworkTests */,
				FE85FC3D2C4D8DA700EE4CC5 /* DogUniversal */,
			);
		};
/* End PBXProject section */

/* Begin PBXResourcesBuildPhase section */
		FE85FBC92C4D401000EE4CC5 /* Resources */ = {
			isa = PBXResourcesBuildPhase;
			buildActionMask = 2147483647;
			files = (
			);
			runOnlyForDeploymentPostprocessing = 0;
		};
		FE85FBD12C4D401000EE4CC5 /* Resources */ = {
			isa = PBXResourcesBuildPhase;
			buildActionMask = 2147483647;
			files = (
			);
			runOnlyForDeploymentPostprocessing = 0;
		};
/* End PBXResourcesBuildPhase section */

/* Begin PBXShellScriptBuildPhase section */
		FE85FC412C4D8DCD00EE4CC5 /* ShellScript */ = {
			isa = PBXShellScriptBuildPhase;
			buildActionMask = 2147483647;
			files = (
			);
			inputFileListPaths = (
			);
			inputPaths = (
			);
			outputFileListPaths = (
			);
			outputPaths = (
			);
			runOnlyForDeploymentPostprocessing = 0;
			shellPath = /bin/sh;
			shellScript = "# Type a script or drag a script file from your workspace to insert its path.\n# Universal Script\n\nset -e\n\nFRAMEWORK_NAME=\"DogNetwork\"\nIOS_SCHEME_NAME=\"DogNetwork\"\n\nif [ -d \"${SRCROOT}/build\" ]; then\nrm -rf \"${SRCROOT}/build\"\nfi\n\nSIMULATOR_ARCHIVE_PATH=\"${SRCROOT}/build/${FRAMEWORK_NAME}-iphonesimulator.xcarchive\"\nDEVICE_ARCHIVE_PATH_ARM64=\"${SRCROOT}/build/${FRAMEWORK_NAME}-iphoneos-arm64.xcarchive\"\n\nOUTPUT_DIR=\"../DogNetwork/Universal/\"\n\necho \"Archiving for simulator\"\n# Simulator xcarchieve\nxcodebuild archive ONLY_ACTIVE_ARCH=NO -scheme ${IOS_SCHEME_NAME} -destination=\"generic/platform=iOS Simulator\" -archivePath \"${SIMULATOR_ARCHIVE_PATH}\" -sdk iphonesimulator OTHER_CFLAGS=\"-fembed-bitcode\" SKIP_INSTALL=NO BUILD_LIBRARIES_FOR_DISTRIBUTION=YES\n\necho \"Archiving for device Arm64\"\n# Device xcarchieve\nxcodebuild archive -scheme ${IOS_SCHEME_NAME} -destination=\"generic/platform=iOS\" -archivePath \"${DEVICE_ARCHIVE_PATH_ARM64}\" -sdk iphoneos OTHER_CFLAGS=\"-fembed-bitcode\" SKIP_INSTALL=NO BUILD_LIBRARIES_FOR_DISTRIBUTION=YES\n\n# Clean up old output directory\nrm -rf \"${OUTPUT_DIR}\"\n\necho \"Creating DogNetwork.xcframework\"\n# Create xcframework combine of all frameworks\nxcodebuild -create-xcframework \\\n  -framework ${SIMULATOR_ARCHIVE_PATH}/Products/Library/Frameworks/${FRAMEWORK_NAME}.framework \\\n  -framework ${DEVICE_ARCHIVE_PATH_ARM64}/Products/Library/Frameworks/${FRAMEWORK_NAME}.framework \\\n  -output ${OUTPUT_DIR}/${FRAMEWORK_NAME}.xcframework\n\necho \"End\"\n# Delete the most recent build.\nif [ -d \"${SRCROOT}/build\" ]; then\nrm -rf \"${SRCROOT}/build\"\nfi\n";
		};
/* End PBXShellScriptBuildPhase section */

/* Begin PBXSourcesBuildPhase section */
		FE85FBC72C4D401000EE4CC5 /* Sources */ = {
			isa = PBXSourcesBuildPhase;
			buildActionMask = 2147483647;
			files = (
				FE85FC152C4D4FA800EE4CC5 /* FetchRandomDogImageRequest.swift in Sources */,
				FE85FC0D2C4D4E8400EE4CC5 /* Dog.swift in Sources */,
				FE85FC262C4D540000EE4CC5 /* DogNetworkInterface.swift in Sources */,
				FE85FC222C4D531900EE4CC5 /* FetchRandomDogImageUseCase.swift in Sources */,
				FE85FC1E2C4D504200EE4CC5 /* DogRepository.swift in Sources */,
				FE85FC172C4D4FBC00EE4CC5 /* FetchRandomDogImageResponse.swift in Sources */,
				FE85FC192C4D4FDB00EE4CC5 /* DogAPIService.swift in Sources */,
				FE85FC292C4D5C0D00EE4CC5 /* Logger.swift in Sources */,
			);
			runOnlyForDeploymentPostprocessing = 0;
		};
		FE85FBCF2C4D401000EE4CC5 /* Sources */ = {
			isa = PBXSourcesBuildPhase;
			buildActionMask = 2147483647;
			files = (
				FE85FC382C4D86B400EE4CC5 /* FetchRandomDogImageUseCaseTests.swift in Sources */,
				FE85FC3A2C4D86D400EE4CC5 /* DogAPIServiceTests.swift in Sources */,
				FE85FC3C2C4D872F00EE4CC5 /* DogAPIServiceMock.swift in Sources */,
			);
			runOnlyForDeploymentPostprocessing = 0;
		};
/* End PBXSourcesBuildPhase section */

/* Begin PBXTargetDependency section */
		FE85FBD62C4D401000EE4CC5 /* PBXTargetDependency */ = {
			isa = PBXTargetDependency;
			target = FE85FBCA2C4D401000EE4CC5 /* DogNetwork */;
			targetProxy = FE85FBD52C4D401000EE4CC5 /* PBXContainerItemProxy */;
		};
/* End PBXTargetDependency section */

/* Begin XCBuildConfiguration section */
		FE85FBDB2C4D401000EE4CC5 /* Debug */ = {
			isa = XCBuildConfiguration;
			buildSettings = {
				ALWAYS_SEARCH_USER_PATHS = NO;
				ASSETCATALOG_COMPILER_GENERATE_SWIFT_ASSET_SYMBOL_EXTENSIONS = YES;
				BUILD_LIBRARY_FOR_DISTRIBUTION = YES;
				CLANG_ANALYZER_NONNULL = YES;
				CLANG_ANALYZER_NUMBER_OBJECT_CONVERSION = YES_AGGRESSIVE;
				CLANG_CXX_LANGUAGE_STANDARD = "gnu++20";
				CLANG_ENABLE_MODULES = YES;
				CLANG_ENABLE_OBJC_ARC = YES;
				CLANG_ENABLE_OBJC_WEAK = YES;
				CLANG_WARN_BLOCK_CAPTURE_AUTORELEASING = YES;
				CLANG_WARN_BOOL_CONVERSION = YES;
				CLANG_WARN_COMMA = YES;
				CLANG_WARN_CONSTANT_CONVERSION = YES;
				CLANG_WARN_DEPRECATED_OBJC_IMPLEMENTATIONS = YES;
				CLANG_WARN_DIRECT_OBJC_ISA_USAGE = YES_ERROR;
				CLANG_WARN_DOCUMENTATION_COMMENTS = YES;
				CLANG_WARN_EMPTY_BODY = YES;
				CLANG_WARN_ENUM_CONVERSION = YES;
				CLANG_WARN_INFINITE_RECURSION = YES;
				CLANG_WARN_INT_CONVERSION = YES;
				CLANG_WARN_NON_LITERAL_NULL_CONVERSION = YES;
				CLANG_WARN_OBJC_IMPLICIT_RETAIN_SELF = YES;
				CLANG_WARN_OBJC_LITERAL_CONVERSION = YES;
				CLANG_WARN_OBJC_ROOT_CLASS = YES_ERROR;
				CLANG_WARN_QUOTED_INCLUDE_IN_FRAMEWORK_HEADER = YES;
				CLANG_WARN_RANGE_LOOP_ANALYSIS = YES;
				CLANG_WARN_STRICT_PROTOTYPES = YES;
				CLANG_WARN_SUSPICIOUS_MOVE = YES;
				CLANG_WARN_UNGUARDED_AVAILABILITY = YES_AGGRESSIVE;
				CLANG_WARN_UNREACHABLE_CODE = YES;
				CLANG_WARN__DUPLICATE_METHOD_MATCH = YES;
				COPY_PHASE_STRIP = NO;
				CURRENT_PROJECT_VERSION = 1;
				DEBUG_INFORMATION_FORMAT = dwarf;
				ENABLE_STRICT_OBJC_MSGSEND = YES;
				ENABLE_TESTABILITY = YES;
				ENABLE_USER_SCRIPT_SANDBOXING = YES;
				GCC_C_LANGUAGE_STANDARD = gnu17;
				GCC_DYNAMIC_NO_PIC = NO;
				GCC_NO_COMMON_BLOCKS = YES;
				GCC_OPTIMIZATION_LEVEL = 0;
				GCC_PREPROCESSOR_DEFINITIONS = (
					"DEBUG=1",
					"$(inherited)",
				);
				GCC_WARN_64_TO_32_BIT_CONVERSION = YES;
				GCC_WARN_ABOUT_RETURN_TYPE = YES_ERROR;
				GCC_WARN_UNDECLARED_SELECTOR = YES;
				GCC_WARN_UNINITIALIZED_AUTOS = YES_AGGRESSIVE;
				GCC_WARN_UNUSED_FUNCTION = YES;
				GCC_WARN_UNUSED_VARIABLE = YES;
				IPHONEOS_DEPLOYMENT_TARGET = 14.0;
				LOCALIZATION_PREFERS_STRING_CATALOGS = YES;
				MTL_ENABLE_DEBUG_INFO = INCLUDE_SOURCE;
				MTL_FAST_MATH = YES;
				ONLY_ACTIVE_ARCH = YES;
				SDKROOT = iphoneos;
				SWIFT_ACTIVE_COMPILATION_CONDITIONS = "DEBUG $(inherited)";
				SWIFT_OPTIMIZATION_LEVEL = "-Onone";
				VERSIONING_SYSTEM = "apple-generic";
				VERSION_INFO_PREFIX = "";
			};
			name = Debug;
		};
		FE85FBDC2C4D401000EE4CC5 /* Release */ = {
			isa = XCBuildConfiguration;
			buildSettings = {
				ALWAYS_SEARCH_USER_PATHS = NO;
				ASSETCATALOG_COMPILER_GENERATE_SWIFT_ASSET_SYMBOL_EXTENSIONS = YES;
				BUILD_LIBRARY_FOR_DISTRIBUTION = YES;
				CLANG_ANALYZER_NONNULL = YES;
				CLANG_ANALYZER_NUMBER_OBJECT_CONVERSION = YES_AGGRESSIVE;
				CLANG_CXX_LANGUAGE_STANDARD = "gnu++20";
				CLANG_ENABLE_MODULES = YES;
				CLANG_ENABLE_OBJC_ARC = YES;
				CLANG_ENABLE_OBJC_WEAK = YES;
				CLANG_WARN_BLOCK_CAPTURE_AUTORELEASING = YES;
				CLANG_WARN_BOOL_CONVERSION = YES;
				CLANG_WARN_COMMA = YES;
				CLANG_WARN_CONSTANT_CONVERSION = YES;
				CLANG_WARN_DEPRECATED_OBJC_IMPLEMENTATIONS = YES;
				CLANG_WARN_DIRECT_OBJC_ISA_USAGE = YES_ERROR;
				CLANG_WARN_DOCUMENTATION_COMMENTS = YES;
				CLANG_WARN_EMPTY_BODY = YES;
				CLANG_WARN_ENUM_CONVERSION = YES;
				CLANG_WARN_INFINITE_RECURSION = YES;
				CLANG_WARN_INT_CONVERSION = YES;
				CLANG_WARN_NON_LITERAL_NULL_CONVERSION = YES;
				CLANG_WARN_OBJC_IMPLICIT_RETAIN_SELF = YES;
				CLANG_WARN_OBJC_LITERAL_CONVERSION = YES;
				CLANG_WARN_OBJC_ROOT_CLASS = YES_ERROR;
				CLANG_WARN_QUOTED_INCLUDE_IN_FRAMEWORK_HEADER = YES;
				CLANG_WARN_RANGE_LOOP_ANALYSIS = YES;
				CLANG_WARN_STRICT_PROTOTYPES = YES;
				CLANG_WARN_SUSPICIOUS_MOVE = YES;
				CLANG_WARN_UNGUARDED_AVAILABILITY = YES_AGGRESSIVE;
				CLANG_WARN_UNREACHABLE_CODE = YES;
				CLANG_WARN__DUPLICATE_METHOD_MATCH = YES;
				COPY_PHASE_STRIP = NO;
				CURRENT_PROJECT_VERSION = 1;
				DEBUG_INFORMATION_FORMAT = "dwarf-with-dsym";
				ENABLE_NS_ASSERTIONS = NO;
				ENABLE_STRICT_OBJC_MSGSEND = YES;
				ENABLE_USER_SCRIPT_SANDBOXING = YES;
				GCC_C_LANGUAGE_STANDARD = gnu17;
				GCC_NO_COMMON_BLOCKS = YES;
				GCC_WARN_64_TO_32_BIT_CONVERSION = YES;
				GCC_WARN_ABOUT_RETURN_TYPE = YES_ERROR;
				GCC_WARN_UNDECLARED_SELECTOR = YES;
				GCC_WARN_UNINITIALIZED_AUTOS = YES_AGGRESSIVE;
				GCC_WARN_UNUSED_FUNCTION = YES;
				GCC_WARN_UNUSED_VARIABLE = YES;
				IPHONEOS_DEPLOYMENT_TARGET = 14.0;
				LOCALIZATION_PREFERS_STRING_CATALOGS = YES;
				MTL_ENABLE_DEBUG_INFO = NO;
				MTL_FAST_MATH = YES;
				SDKROOT = iphoneos;
				SWIFT_COMPILATION_MODE = wholemodule;
				VALIDATE_PRODUCT = YES;
				VERSIONING_SYSTEM = "apple-generic";
				VERSION_INFO_PREFIX = "";
			};
			name = Release;
		};
		FE85FBDE2C4D401000EE4CC5 /* Debug */ = {
			isa = XCBuildConfiguration;
			buildSettings = {
				CLANG_ENABLE_MODULES = YES;
				CODE_SIGN_STYLE = Automatic;
				CURRENT_PROJECT_VERSION = 1;
				DEFINES_MODULE = YES;
				DEVELOPMENT_TEAM = X7FC48GFKJ;
				DYLIB_COMPATIBILITY_VERSION = 1;
				DYLIB_CURRENT_VERSION = 1;
				DYLIB_INSTALL_NAME_BASE = "@rpath";
				ENABLE_MODULE_VERIFIER = YES;
				GENERATE_INFOPLIST_FILE = YES;
				INFOPLIST_KEY_NSHumanReadableCopyright = "";
				INSTALL_PATH = "$(LOCAL_LIBRARY_DIR)/Frameworks";
				IPHONEOS_DEPLOYMENT_TARGET = 14.0;
				LD_RUNPATH_SEARCH_PATHS = (
					"$(inherited)",
					"@executable_path/Frameworks",
					"@loader_path/Frameworks",
				);
				MARKETING_VERSION = 1.0;
				MODULE_VERIFIER_SUPPORTED_LANGUAGES = "objective-c objective-c++";
				MODULE_VERIFIER_SUPPORTED_LANGUAGE_STANDARDS = "gnu17 gnu++20";
				PRODUCT_BUNDLE_IDENTIFIER = com.mtb.DogNetwork;
				PRODUCT_NAME = "$(TARGET_NAME:c99extidentifier)";
				SKIP_INSTALL = NO;
				SWIFT_EMIT_LOC_STRINGS = YES;
				SWIFT_OPTIMIZATION_LEVEL = "-Onone";
				SWIFT_VERSION = 5.0;
				TARGETED_DEVICE_FAMILY = "1,2";
			};
			name = Debug;
		};
		FE85FBDF2C4D401000EE4CC5 /* Release */ = {
			isa = XCBuildConfiguration;
			buildSettings = {
				CLANG_ENABLE_MODULES = YES;
				CODE_SIGN_STYLE = Automatic;
				CURRENT_PROJECT_VERSION = 1;
				DEFINES_MODULE = YES;
				DEVELOPMENT_TEAM = X7FC48GFKJ;
				DYLIB_COMPATIBILITY_VERSION = 1;
				DYLIB_CURRENT_VERSION = 1;
				DYLIB_INSTALL_NAME_BASE = "@rpath";
				ENABLE_MODULE_VERIFIER = YES;
				GENERATE_INFOPLIST_FILE = YES;
				INFOPLIST_KEY_NSHumanReadableCopyright = "";
				INSTALL_PATH = "$(LOCAL_LIBRARY_DIR)/Frameworks";
				IPHONEOS_DEPLOYMENT_TARGET = 14.0;
				LD_RUNPATH_SEARCH_PATHS = (
					"$(inherited)",
					"@executable_path/Frameworks",
					"@loader_path/Frameworks",
				);
				MARKETING_VERSION = 1.0;
				MODULE_VERIFIER_SUPPORTED_LANGUAGES = "objective-c objective-c++";
				MODULE_VERIFIER_SUPPORTED_LANGUAGE_STANDARDS = "gnu17 gnu++20";
				PRODUCT_BUNDLE_IDENTIFIER = com.mtb.DogNetwork;
				PRODUCT_NAME = "$(TARGET_NAME:c99extidentifier)";
				SKIP_INSTALL = NO;
				SWIFT_EMIT_LOC_STRINGS = YES;
				SWIFT_VERSION = 5.0;
				TARGETED_DEVICE_FAMILY = "1,2";
			};
			name = Release;
		};
		FE85FBE12C4D401000EE4CC5 /* Debug */ = {
			isa = XCBuildConfiguration;
			buildSettings = {
				ALWAYS_EMBED_SWIFT_STANDARD_LIBRARIES = YES;
				CODE_SIGN_STYLE = Automatic;
				CURRENT_PROJECT_VERSION = 1;
				DEVELOPMENT_TEAM = X7FC48GFKJ;
				GENERATE_INFOPLIST_FILE = YES;
				MARKETING_VERSION = 1.0;
				PRODUCT_BUNDLE_IDENTIFIER = com.mtb.DogNetworkTests;
				PRODUCT_NAME = "$(TARGET_NAME)";
				SWIFT_EMIT_LOC_STRINGS = NO;
				SWIFT_VERSION = 5.0;
				TARGETED_DEVICE_FAMILY = "1,2";
			};
			name = Debug;
		};
		FE85FBE22C4D401000EE4CC5 /* Release */ = {
			isa = XCBuildConfiguration;
			buildSettings = {
				ALWAYS_EMBED_SWIFT_STANDARD_LIBRARIES = YES;
				CODE_SIGN_STYLE = Automatic;
				CURRENT_PROJECT_VERSION = 1;
				DEVELOPMENT_TEAM = X7FC48GFKJ;
				GENERATE_INFOPLIST_FILE = YES;
				MARKETING_VERSION = 1.0;
				PRODUCT_BUNDLE_IDENTIFIER = com.mtb.DogNetworkTests;
				PRODUCT_NAME = "$(TARGET_NAME)";
				SWIFT_EMIT_LOC_STRINGS = NO;
				SWIFT_VERSION = 5.0;
				TARGETED_DEVICE_FAMILY = "1,2";
			};
			name = Release;
		};
		FE85FC3E2C4D8DA700EE4CC5 /* Debug */ = {
			isa = XCBuildConfiguration;
			buildSettings = {
				BUILD_LIBRARY_FOR_DISTRIBUTION = YES;
				CODE_SIGN_STYLE = Automatic;
				DEVELOPMENT_TEAM = X7FC48GFKJ;
				ENABLE_USER_SCRIPT_SANDBOXING = NO;
				PRODUCT_NAME = "$(TARGET_NAME)";
				SKIP_INSTALL = NO;
			};
			name = Debug;
		};
		FE85FC3F2C4D8DA700EE4CC5 /* Release */ = {
			isa = XCBuildConfiguration;
			buildSettings = {
				BUILD_LIBRARY_FOR_DISTRIBUTION = YES;
				CODE_SIGN_STYLE = Automatic;
				DEVELOPMENT_TEAM = X7FC48GFKJ;
				ENABLE_USER_SCRIPT_SANDBOXING = NO;
				PRODUCT_NAME = "$(TARGET_NAME)";
				SKIP_INSTALL = NO;
			};
			name = Release;
		};
/* End XCBuildConfiguration section */

/* Begin XCConfigurationList section */
		FE85FBC52C4D401000EE4CC5 /* Build configuration list for PBXProject "DogNetwork" */ = {
			isa = XCConfigurationList;
			buildConfigurations = (
				FE85FBDB2C4D401000EE4CC5 /* Debug */,
				FE85FBDC2C4D401000EE4CC5 /* Release */,
			);
			defaultConfigurationIsVisible = 0;
			defaultConfigurationName = Release;
		};
		FE85FBDD2C4D401000EE4CC5 /* Build configuration list for PBXNativeTarget "DogNetwork" */ = {
			isa = XCConfigurationList;
			buildConfigurations = (
				FE85FBDE2C4D401000EE4CC5 /* Debug */,
				FE85FBDF2C4D401000EE4CC5 /* Release */,
			);
			defaultConfigurationIsVisible = 0;
			defaultConfigurationName = Release;
		};
		FE85FBE02C4D401000EE4CC5 /* Build configuration list for PBXNativeTarget "DogNetworkTests" */ = {
			isa = XCConfigurationList;
			buildConfigurations = (
				FE85FBE12C4D401000EE4CC5 /* Debug */,
				FE85FBE22C4D401000EE4CC5 /* Release */,
			);
			defaultConfigurationIsVisible = 0;
			defaultConfigurationName = Release;
		};
		FE85FC402C4D8DA700EE4CC5 /* Build configuration list for PBXAggregateTarget "DogUniversal" */ = {
			isa = XCConfigurationList;
			buildConfigurations = (
				FE85FC3E2C4D8DA700EE4CC5 /* Debug */,
				FE85FC3F2C4D8DA700EE4CC5 /* Release */,
			);
			defaultConfigurationIsVisible = 0;
			defaultConfigurationName = Release;
		};
/* End XCConfigurationList section */
	};
	rootObject = FE85FBC22C4D401000EE4CC5 /* Project object */;
}
